
Microsoft Visual Studio Solution File, Format Version 12.00
# Visual Studio 15
VisualStudioVersion = 15.0.27703.2042
MinimumVisualStudioVersion = 10.0.40219.1
Project("{FAE04EC0-301F-11D3-BF4B-00C04F79EFBC}") = "ConsoleEqueue", "ConsoleEqueue\ConsoleEqueue.csproj", "{AD143583-884D-4587-A05B-631C9D74ED75}"
EndProject
Project("{FAE04EC0-301F-11D3-BF4B-00C04F79EFBC}") = "Apliu.Data.MongoDB", "Apliu.Data.MongoDB\Apliu.Data.MongoDB.csproj", "{F77EBFBA-1C61-4E4F-87FF-0C8C696DC7F0}"
EndProject
Project("{FAE04EC0-301F-11D3-BF4B-00C04F79EFBC}") = "Apliu.Standard.MongoDB", "Apliu.Standard.MongoDB\Apliu.Standard.MongoDB.csproj", "{C98BA811-B766-4D96-82EA-6A49239818D1}"
EndProject
Global
	GlobalSection(SolutionConfigurationPlatforms) = preSolution
		Debug|Any CPU = Debug|Any CPU
		Release|Any CPU = Release|Any CPU
	EndGlobalSection
	GlobalSection(ProjectConfigurationPlatforms) = postSolution
		{AD143583-884D-4587-A05B-631C9D74ED75}.Debug|Any CPU.ActiveCfg = Debug|Any CPU
		{AD143583-884D-4587-A05B-631C9D74ED75}.Debug|Any CPU.Build.0 = Debug|Any CPU
		{AD143583-884D-4587-A05B-631C9D74ED75}.Release|Any CPU.ActiveCfg = Release|Any CPU
		{AD143583-884D-4587-A05B-631C9D74ED75}.Release|Any CPU.Build.0 = Release|Any CPU
		{F77EBFBA-1C61-4E4F-87FF-0C8C696DC7F0}.Debug|Any CPU.ActiveCfg = Debug|Any CPU
		{F77EBFBA-1C61-4E4F-87FF-0C8C696DC7F0}.Debug|Any CPU.Build.0 = Debug|Any CPU
		{F77EBFBA-1C61-4E4F-87FF-0C8C696DC7F0}.Release|Any CPU.ActiveCfg = Release|Any CPU
		{F77EBFBA-1C61-4E4F-87FF-0C8C696DC7F0}.Release|Any CPU.Build.0 = Release|Any CPU
		{C98BA811-B766-4D96-82EA-6A49239818D1}.Debug|Any CPU.ActiveCfg = Debug|Any CPU
		{C98BA811-B766-4D96-82EA-6A49239818D1}.Debug|Any CPU.Build.0 = Debug|Any CPU
		{C98BA811-B766-4D96-82EA-6A49239818D1}.Release|Any CPU.ActiveCfg = Release|Any CPU
		{C98BA811-B766-4D96-82EA-6A49239818D1}.Release|Any CPU.Build.0 = Release|Any CPU
	EndGlobalSection
	GlobalSection(SolutionProperties) = preSolution
		HideSolutionNode = FALSE
	EndGlobalSection
	GlobalSection(ExtensibilityGlobals) = postSolution
		SolutionGuid = {721A2B7A-3D2C-42F2-8E6E-EEC5FCF982C9}
	EndGlobalSection
EndGlobal
